
Microsoft Visual Studio Solution File, Format Version 12.00
# Visual Studio 15
VisualStudioVersion = 15.0.27703.2035
MinimumVisualStudioVersion = 10.0.40219.1
Project("{FAE04EC0-301F-11D3-BF4B-00C04F79EFBC}") = "final_UmbracoCultures", "src\final_UmbracoCultures.csproj", "{8168A5AB-E403-43CA-BCDF-FF51A3E2528D}"
EndProject
Global
	GlobalSection(SolutionConfigurationPlatforms) = preSolution
		Debug|Any CPU = Debug|Any CPU
		Release|Any CPU = Release|Any CPU
	EndGlobalSection
	GlobalSection(ProjectConfigurationPlatforms) = postSolution
		{8168A5AB-E403-43CA-BCDF-FF51A3E2528D}.Debug|Any CPU.ActiveCfg = Debug|Any CPU
		{8168A5AB-E403-43CA-BCDF-FF51A3E2528D}.Debug|Any CPU.Build.0 = Debug|Any CPU
		{8168A5AB-E403-43CA-BCDF-FF51A3E2528D}.Release|Any CPU.ActiveCfg = Release|Any CPU
		{8168A5AB-E403-43CA-BCDF-FF51A3E2528D}.Release|Any CPU.Build.0 = Release|Any CPU
	EndGlobalSection
	GlobalSection(SolutionProperties) = preSolution
		HideSolutionNode = FALSE
	EndGlobalSection
	GlobalSection(ExtensibilityGlobals) = postSolution
		SolutionGuid = {DCAFC771-22C0-4350-A7CD-273A4CBA1755}
	EndGlobalSection
EndGlobal
